
Microsoft Visual Studio Solution File, Format Version 12.00
# Visual Studio Version 17
VisualStudioVersion = 17.14.36518.9
MinimumVisualStudioVersion = 10.0.40219.1
Project("{FAE04EC0-301F-11D3-BF4B-00C04F79EFBC}") = "Backend-MVC-TASK 1", "Backend-MVC-TASK 1.csproj", "{218BB470-81B8-4691-9ECA-5A8F6D8A5F78}"
EndProject
Global
	GlobalSection(SolutionConfigurationPlatforms) = preSolution
		Debug|Any CPU = Debug|Any CPU
		Release|Any CPU = Release|Any CPU
	EndGlobalSection
	GlobalSection(ProjectConfigurationPlatforms) = postSolution
		{218BB470-81B8-4691-9ECA-5A8F6D8A5F78}.Debug|Any CPU.ActiveCfg = Debug|Any CPU
		{218BB470-81B8-4691-9ECA-5A8F6D8A5F78}.Debug|Any CPU.Build.0 = Debug|Any CPU
		{218BB470-81B8-4691-9ECA-5A8F6D8A5F78}.Release|Any CPU.ActiveCfg = Release|Any CPU
		{218BB470-81B8-4691-9ECA-5A8F6D8A5F78}.Release|Any CPU.Build.0 = Release|Any CPU
	EndGlobalSection
	GlobalSection(SolutionProperties) = preSolution
		HideSolutionNode = FALSE
	EndGlobalSection
	GlobalSection(ExtensibilityGlobals) = postSolution
		SolutionGuid = {BB302D24-CF63-45D2-AF42-EB00CC7600E9}
	EndGlobalSection
EndGlobal
